// !$*UTF8*$!
{
	archiveVersion = 1;
	classes = {
	};
	objectVersion = 50;
	objects = {

/* Begin PBXBuildFile section */
		DD0A001022F21B60006E418E /* GreekKeyBorder.swift in Sources */ = {isa = PBXBuildFile; fileRef = DD0A000E22F21B60006E418E /* GreekKeyBorder.swift */; };
		DD0A001122F21B60006E418E /* GreekKeyCells.swift in Sources */ = {isa = PBXBuildFile; fileRef = DD0A000F22F21B60006E418E /* GreekKeyCells.swift */; };
		DD0A001422F3DC65006E418E /* ResultsViewController.swift in Sources */ = {isa = PBXBuildFile; fileRef = DD0A001322F3DC65006E418E /* ResultsViewController.swift */; };
		DD0A001622F3DC92006E418E /* OptionsViewController.swift in Sources */ = {isa = PBXBuildFile; fileRef = DD0A001522F3DC92006E418E /* OptionsViewController.swift */; };
		DD0AFFE622EE7CA3006E418E /* AppDelegate.swift in Sources */ = {isa = PBXBuildFile; fileRef = DD0AFFE522EE7CA3006E418E /* AppDelegate.swift */; };
		DD0AFFEA22EE7CA5006E418E /* Assets.xcassets in Resources */ = {isa = PBXBuildFile; fileRef = DD0AFFE922EE7CA5006E418E /* Assets.xcassets */; };
		DD0AFFED22EE7CA5006E418E /* Main.storyboard in Resources */ = {isa = PBXBuildFile; fileRef = DD0AFFEB22EE7CA5006E418E /* Main.storyboard */; };
/* End PBXBuildFile section */

/* Begin PBXFileReference section */
		DD0A000E22F21B60006E418E /* GreekKeyBorder.swift */ = {isa = PBXFileReference; fileEncoding = 4; lastKnownFileType = sourcecode.swift; path = GreekKeyBorder.swift; sourceTree = "<group>"; };
		DD0A000F22F21B60006E418E /* GreekKeyCells.swift */ = {isa = PBXFileReference; fileEncoding = 4; lastKnownFileType = sourcecode.swift; path = GreekKeyCells.swift; sourceTree = "<group>"; };
		DD0A001322F3DC65006E418E /* ResultsViewController.swift */ = {isa = PBXFileReference; lastKnownFileType = sourcecode.swift; path = ResultsViewController.swift; sourceTree = "<group>"; };
		DD0A001522F3DC92006E418E /* OptionsViewController.swift */ = {isa = PBXFileReference; lastKnownFileType = sourcecode.swift; path = OptionsViewController.swift; sourceTree = "<group>"; };
		DD0AFFE222EE7CA3006E418E /* GreekKey.app */ = {isa = PBXFileReference; explicitFileType = wrapper.application; includeInIndex = 0; path = GreekKey.app; sourceTree = BUILT_PRODUCTS_DIR; };
		DD0AFFE522EE7CA3006E418E /* AppDelegate.swift */ = {isa = PBXFileReference; lastKnownFileType = sourcecode.swift; path = AppDelegate.swift; sourceTree = "<group>"; };
		DD0AFFE922EE7CA5006E418E /* Assets.xcassets */ = {isa = PBXFileReference; lastKnownFileType = folder.assetcatalog; path = Assets.xcassets; sourceTree = "<group>"; };
		DD0AFFEC22EE7CA5006E418E /* Base */ = {isa = PBXFileReference; lastKnownFileType = file.storyboard; name = Base; path = Base.lproj/Main.storyboard; sourceTree = "<group>"; };
		DD0AFFEE22EE7CA5006E418E /* Info.plist */ = {isa = PBXFileReference; lastKnownFileType = text.plist.xml; path = Info.plist; sourceTree = "<group>"; };
		DD0AFFEF22EE7CA5006E418E /* GreekKey.entitlements */ = {isa = PBXFileReference; lastKnownFileType = text.plist.entitlements; path = GreekKey.entitlements; sourceTree = "<group>"; };
/* End PBXFileReference section */

/* Begin PBXFrameworksBuildPhase section */
		DD0AFFDF22EE7CA3006E418E /* Frameworks */ = {
			isa = PBXFrameworksBuildPhase;
			buildActionMask = 2147483647;
			files = (
			);
			runOnlyForDeploymentPostprocessing = 0;
		};
/* End PBXFrameworksBuildPhase section */

/* Begin PBXGroup section */
		DD0A001222F3DC1E006E418E /* ViewControllers */ = {
			isa = PBXGroup;
			children = (
				DD0A001522F3DC92006E418E /* OptionsViewController.swift */,
				DD0A001322F3DC65006E418E /* ResultsViewController.swift */,
			);
			path = ViewControllers;
			sourceTree = "<group>";
		};
		DD0AFFD922EE7CA3006E418E = {
			isa = PBXGroup;
			children = (
				DD0AFFE422EE7CA3006E418E /* GreekKey */,
				DD0AFFE322EE7CA3006E418E /* Products */,
			);
			sourceTree = "<group>";
		};
		DD0AFFE322EE7CA3006E418E /* Products */ = {
			isa = PBXGroup;
			children = (
				DD0AFFE222EE7CA3006E418E /* GreekKey.app */,
			);
			name = Products;
			sourceTree = "<group>";
		};
		DD0AFFE422EE7CA3006E418E /* GreekKey */ = {
			isa = PBXGroup;
			children = (
				DD0AFFE522EE7CA3006E418E /* AppDelegate.swift */,
				DD0A000E22F21B60006E418E /* GreekKeyBorder.swift */,
				DD0A000F22F21B60006E418E /* GreekKeyCells.swift */,
				DD0A001222F3DC1E006E418E /* ViewControllers */,
				DD0AFFE922EE7CA5006E418E /* Assets.xcassets */,
				DD0AFFEB22EE7CA5006E418E /* Main.storyboard */,
				DD0AFFEE22EE7CA5006E418E /* Info.plist */,
				DD0AFFEF22EE7CA5006E418E /* GreekKey.entitlements */,
			);
			path = GreekKey;
			sourceTree = "<group>";
		};
/* End PBXGroup section */

/* Begin PBXNativeTarget section */
		DD0AFFE122EE7CA3006E418E /* GreekKey */ = {
			isa = PBXNativeTarget;
			buildConfigurationList = DD0AFFF222EE7CA5006E418E /* Build configuration list for PBXNativeTarget "GreekKey" */;
			buildPhases = (
				DD0AFFDE22EE7CA3006E418E /* Sources */,
				DD0AFFDF22EE7CA3006E418E /* Frameworks */,
				DD0AFFE022EE7CA3006E418E /* Resources */,
			);
			buildRules = (
			);
			dependencies = (
			);
			name = GreekKey;
			productName = GreekKey;
			productReference = DD0AFFE222EE7CA3006E418E /* GreekKey.app */;
			productType = "com.apple.product-type.application";
		};
/* End PBXNativeTarget section */

/* Begin PBXProject section */
		DD0AFFDA22EE7CA3006E418E /* Project object */ = {
			isa = PBXProject;
			attributes = {
				LastSwiftUpdateCheck = 1010;
				LastUpgradeCheck = 1010;
				ORGANIZATIONNAME = matzsoft;
				TargetAttributes = {
					DD0AFFE122EE7CA3006E418E = {
						CreatedOnToolsVersion = 10.1;
					};
				};
			};
			buildConfigurationList = DD0AFFDD22EE7CA3006E418E /* Build configuration list for PBXProject "GreekKey" */;
			compatibilityVersion = "Xcode 9.3";
			developmentRegion = en;
			hasScannedForEncodings = 0;
			knownRegions = (
				en,
				Base,
			);
			mainGroup = DD0AFFD922EE7CA3006E418E;
			productRefGroup = DD0AFFE322EE7CA3006E418E /* Products */;
			projectDirPath = "";
			projectRoot = "";
			targets = (
				DD0AFFE122EE7CA3006E418E /* GreekKey */,
			);
		};
/* End PBXProject section */

/* Begin PBXResourcesBuildPhase section */
		DD0AFFE022EE7CA3006E418E /* Resources */ = {
			isa = PBXResourcesBuildPhase;
			buildActionMask = 2147483647;
			files = (
				DD0AFFEA22EE7CA5006E418E /* Assets.xcassets in Resources */,
				DD0AFFED22EE7CA5006E418E /* Main.storyboard in Resources */,
			);
			runOnlyForDeploymentPostprocessing = 0;
		};
/* End PBXResourcesBuildPhase section */

/* Begin PBXSourcesBuildPhase section */
		DD0AFFDE22EE7CA3006E418E /* Sources */ = {
			isa = PBXSourcesBuildPhase;
			buildActionMask = 2147483647;
			files = (
				DD0A001122F21B60006E418E /* GreekKeyCells.swift in Sources */,
				DD0A001022F21B60006E418E /* GreekKeyBorder.swift in Sources */,
				DD0A001622F3DC92006E418E /* OptionsViewController.swift in Sources */,
				DD0A001422F3DC65006E418E /* ResultsViewController.swift in Sources */,
				DD0AFFE622EE7CA3006E418E /* AppDelegate.swift in Sources */,
			);
			runOnlyForDeploymentPostprocessing = 0;
		};
/* End PBXSourcesBuildPhase section */

/* Begin PBXVariantGroup section */
		DD0AFFEB22EE7CA5006E418E /* Main.storyboard */ = {
			isa = PBXVariantGroup;
			children = (
				DD0AFFEC22EE7CA5006E418E /* Base */,
			);
			name = Main.storyboard;
			sourceTree = "<group>";
		};
/* End PBXVariantGroup section */

/* Begin XCBuildConfiguration section */
		DD0AFFF022EE7CA5006E418E /* Debug */ = {
			isa = XCBuildConfiguration;
			buildSettings = {
				ALWAYS_SEARCH_USER_PATHS = NO;
				CLANG_ANALYZER_NONNULL = YES;
				CLANG_ANALYZER_NUMBER_OBJECT_CONVERSION = YES_AGGRESSIVE;
				CLANG_CXX_LANGUAGE_STANDARD = "gnu++14";
				CLANG_CXX_LIBRARY = "libc++";
				CLANG_ENABLE_MODULES = YES;
				CLANG_ENABLE_OBJC_ARC = YES;
				CLANG_ENABLE_OBJC_WEAK = YES;
				CLANG_WARN_BLOCK_CAPTURE_AUTORELEASING = YES;
				CLANG_WARN_BOOL_CONVERSION = YES;
				CLANG_WARN_COMMA = YES;
				CLANG_WARN_CONSTANT_CONVERSION = YES;
				CLANG_WARN_DEPRECATED_OBJC_IMPLEMENTATIONS = YES;
				CLANG_WARN_DIRECT_OBJC_ISA_USAGE = YES_ERROR;
				CLANG_WARN_DOCUMENTATION_COMMENTS = YES;
				CLANG_WARN_EMPTY_BODY = YES;
				CLANG_WARN_ENUM_CONVERSION = YES;
				CLANG_WARN_INFINITE_RECURSION = YES;
				CLANG_WARN_INT_CONVERSION = YES;
				CLANG_WARN_NON_LITERAL_NULL_CONVERSION = YES;
				CLANG_WARN_OBJC_IMPLICIT_RETAIN_SELF = YES;
				CLANG_WARN_OBJC_LITERAL_CONVERSION = YES;
				CLANG_WARN_OBJC_ROOT_CLASS = YES_ERROR;
				CLANG_WARN_RANGE_LOOP_ANALYSIS = YES;
				CLANG_WARN_STRICT_PROTOTYPES = YES;
				CLANG_WARN_SUSPICIOUS_MOVE = YES;
				CLANG_WARN_UNGUARDED_AVAILABILITY = YES_AGGRESSIVE;
				CLANG_WARN_UNREACHABLE_CODE = YES;
				CLANG_WARN__DUPLICATE_METHOD_MATCH = YES;
				CODE_SIGN_IDENTITY = "Mac Developer";
				COPY_PHASE_STRIP = NO;
				DEBUG_INFORMATION_FORMAT = dwarf;
				ENABLE_STRICT_OBJC_MSGSEND = YES;
				ENABLE_TESTABILITY = YES;
				GCC_C_LANGUAGE_STANDARD = gnu11;
				GCC_DYNAMIC_NO_PIC = NO;
				GCC_NO_COMMON_BLOCKS = YES;
				GCC_OPTIMIZATION_LEVEL = 0;
				GCC_PREPROCESSOR_DEFINITIONS = (
					"DEBUG=1",
					"$(inherited)",
				);
				GCC_WARN_64_TO_32_BIT_CONVERSION = YES;
				GCC_WARN_ABOUT_RETURN_TYPE = YES_ERROR;
				GCC_WARN_UNDECLARED_SELECTOR = YES;
				GCC_WARN_UNINITIALIZED_AUTOS = YES_AGGRESSIVE;
				GCC_WARN_UNUSED_FUNCTION = YES;
				GCC_WARN_UNUSED_VARIABLE = YES;
				MACOSX_DEPLOYMENT_TARGET = 10.14;
				MTL_ENABLE_DEBUG_INFO = INCLUDE_SOURCE;
				MTL_FAST_MATH = YES;
				ONLY_ACTIVE_ARCH = YES;
				SDKROOT = macosx;
				SWIFT_ACTIVE_COMPILATION_CONDITIONS = DEBUG;
				SWIFT_OPTIMIZATION_LEVEL = "-Onone";
			};
			name = Debug;
		};
		DD0AFFF122EE7CA5006E418E /* Release */ = {
			isa = XCBuildConfiguration;
			buildSettings = {
				ALWAYS_SEARCH_USER_PATHS = NO;
				CLANG_ANALYZER_NONNULL = YES;
				CLANG_ANALYZER_NUMBER_OBJECT_CONVERSION = YES_AGGRESSIVE;
				CLANG_CXX_LANGUAGE_STANDARD = "gnu++14";
				CLANG_CXX_LIBRARY = "libc++";
				CLANG_ENABLE_MODULES = YES;
				CLANG_ENABLE_OBJC_ARC = YES;
				CLANG_ENABLE_OBJC_WEAK = YES;
				CLANG_WARN_BLOCK_CAPTURE_AUTORELEASING = YES;
				CLANG_WARN_BOOL_CONVERSION = YES;
				CLANG_WARN_COMMA = YES;
				CLANG_WARN_CONSTANT_CONVERSION = YES;
				CLANG_WARN_DEPRECATED_OBJC_IMPLEMENTATIONS = YES;
				CLANG_WARN_DIRECT_OBJC_ISA_USAGE = YES_ERROR;
				CLANG_WARN_DOCUMENTATION_COMMENTS = YES;
				CLANG_WARN_EMPTY_BODY = YES;
				CLANG_WARN_ENUM_CONVERSION = YES;
				CLANG_WARN_INFINITE_RECURSION = YES;
				CLANG_WARN_INT_CONVERSION = YES;
				CLANG_WARN_NON_LITERAL_NULL_CONVERSION = YES;
				CLANG_WARN_OBJC_IMPLICIT_RETAIN_SELF = YES;
				CLANG_WARN_OBJC_LITERAL_CONVERSION = YES;
				CLANG_WARN_OBJC_ROOT_CLASS = YES_ERROR;
				CLANG_WARN_RANGE_LOOP_ANALYSIS = YES;
				CLANG_WARN_STRICT_PROTOTYPES = YES;
				CLANG_WARN_SUSPICIOUS_MOVE = YES;
				CLANG_WARN_UNGUARDED_AVAILABILITY = YES_AGGRESSIVE;
				CLANG_WARN_UNREACHABLE_CODE = YES;
				CLANG_WARN__DUPLICATE_METHOD_MATCH = YES;
				CODE_SIGN_IDENTITY = "Mac Developer";
				COPY_PHASE_STRIP = NO;
				DEBUG_INFORMATION_FORMAT = "dwarf-with-dsym";
				ENABLE_NS_ASSERTIONS = NO;
				ENABLE_STRICT_OBJC_MSGSEND = YES;
				GCC_C_LANGUAGE_STANDARD = gnu11;
				GCC_NO_COMMON_BLOCKS = YES;
				GCC_WARN_64_TO_32_BIT_CONVERSION = YES;
				GCC_WARN_ABOUT_RETURN_TYPE = YES_ERROR;
				GCC_WARN_UNDECLARED_SELECTOR = YES;
				GCC_WARN_UNINITIALIZED_AUTOS = YES_AGGRESSIVE;
				GCC_WARN_UNUSED_FUNCTION = YES;
				GCC_WARN_UNUSED_VARIABLE = YES;
				MACOSX_DEPLOYMENT_TARGET = 10.14;
				MTL_ENABLE_DEBUG_INFO = NO;
				MTL_FAST_MATH = YES;
				SDKROOT = macosx;
				SWIFT_COMPILATION_MODE = wholemodule;
				SWIFT_OPTIMIZATION_LEVEL = "-O";
			};
			name = Release;
		};
		DD0AFFF322EE7CA5006E418E /* Debug */ = {
			isa = XCBuildConfiguration;
			buildSettings = {
				ASSETCATALOG_COMPILER_APPICON_NAME = AppIcon;
				CODE_SIGN_STYLE = Automatic;
				COMBINE_HIDPI_IMAGES = YES;
				DEVELOPMENT_TEAM = G66PZJ94HJ;
				INFOPLIST_FILE = GreekKey/Info.plist;
				LD_RUNPATH_SEARCH_PATHS = (
					"$(inherited)",
					"@executable_path/../Frameworks",
				);
				PRODUCT_BUNDLE_IDENTIFIER = com.matzsoft.GreekKey;
				PRODUCT_NAME = "$(TARGET_NAME)";
				SWIFT_VERSION = 4.2;
			};
			name = Debug;
		};
		DD0AFFF422EE7CA5006E418E /* Release */ = {
			isa = XCBuildConfiguration;
			buildSettings = {
				ASSETCATALOG_COMPILER_APPICON_NAME = AppIcon;
				CODE_SIGN_STYLE = Automatic;
				COMBINE_HIDPI_IMAGES = YES;
				DEVELOPMENT_TEAM = G66PZJ94HJ;
				INFOPLIST_FILE = GreekKey/Info.plist;
				LD_RUNPATH_SEARCH_PATHS = (
					"$(inherited)",
					"@executable_path/../Frameworks",
				);
				PRODUCT_BUNDLE_IDENTIFIER = com.matzsoft.GreekKey;
				PRODUCT_NAME = "$(TARGET_NAME)";
				SWIFT_VERSION = 4.2;
			};
			name = Release;
		};
/* End XCBuildConfiguration section */

/* Begin XCConfigurationList section */
		DD0AFFDD22EE7CA3006E418E /* Build configuration list for PBXProject "GreekKey" */ = {
			isa = XCConfigurationList;
			buildConfigurations = (
				DD0AFFF022EE7CA5006E418E /* Debug */,
				DD0AFFF122EE7CA5006E418E /* Release */,
			);
			defaultConfigurationIsVisible = 0;
			defaultConfigurationName = Release;
		};
		DD0AFFF222EE7CA5006E418E /* Build configuration list for PBXNativeTarget "GreekKey" */ = {
			isa = XCConfigurationList;
			buildConfigurations = (
				DD0AFFF322EE7CA5006E418E /* Debug */,
				DD0AFFF422EE7CA5006E418E /* Release */,
			);
			defaultConfigurationIsVisible = 0;
			defaultConfigurationName = Release;
		};
/* End XCConfigurationList section */
	};
	rootObject = DD0AFFDA22EE7CA3006E418E /* Project object */;
}
